
Microsoft Visual Studio Solution File, Format Version 12.00
# Visual Studio Version 17
VisualStudioVersion = 17.1.32328.378
MinimumVisualStudioVersion = 10.0.40219.1
Project("{FAE04EC0-301F-11D3-BF4B-00C04F79EFBC}") = "Tarea 4", "Tarea 4\Tarea 4.csproj", "{1D95F057-0056-4FD8-B5DA-86FE23BF695A}"
EndProject
Global
	GlobalSection(SolutionConfigurationPlatforms) = preSolution
		Debug|Any CPU = Debug|Any CPU
		Release|Any CPU = Release|Any CPU
	EndGlobalSection
	GlobalSection(ProjectConfigurationPlatforms) = postSolution
		{1D95F057-0056-4FD8-B5DA-86FE23BF695A}.Debug|Any CPU.ActiveCfg = Debug|Any CPU
		{1D95F057-0056-4FD8-B5DA-86FE23BF695A}.Debug|Any CPU.Build.0 = Debug|Any CPU
		{1D95F057-0056-4FD8-B5DA-86FE23BF695A}.Release|Any CPU.ActiveCfg = Release|Any CPU
		{1D95F057-0056-4FD8-B5DA-86FE23BF695A}.Release|Any CPU.Build.0 = Release|Any CPU
	EndGlobalSection
	GlobalSection(SolutionProperties) = preSolution
		HideSolutionNode = FALSE
	EndGlobalSection
	GlobalSection(ExtensibilityGlobals) = postSolution
		SolutionGuid = {235523E9-EF1C-4A61-8977-E38C6236B38E}
	EndGlobalSection
EndGlobal
